<?xml version="1.0" encoding="utf-8"?>
<Project ToolsVersion="4.0" xmlns="http://schemas.microsoft.com/developer/msbuild/2003">
  <ItemGroup>
    <Filter Include="src">
      <UniqueIdentifier>{6e067234-9d9b-4b89-a47c-bf6f88215564}</UniqueIdentifier>
    </Filter>
  </ItemGroup>
  <ItemGroup>
    <ClInclude Include="..\src\shotamatsuda\graphics\channel.h">
      <Filter>src</Filter>
    </ClInclude>
    <ClInclude Include="..\src\shotamatsuda\graphics\color.h">
      <Filter>src</Filter>
    </ClInclude>
    <ClInclude Include="..\src\shotamatsuda\graphics\color3.h">
      <Filter>src</Filter>
    </ClInclude>
    <ClInclude Include="..\src\shotamatsuda\graphics\color4.h">
      <Filter>src</Filter>
    </ClInclude>
    <ClInclude Include="..\src\shotamatsuda\graphics\command.h">
      <Filter>src</Filter>
    </ClInclude>
    <ClInclude Include="..\src\shotamatsuda\graphics\command_type.h">
      <Filter>src</Filter>
    </ClInclude>
    <ClInclude Include="..\src\shotamatsuda\graphics\conic.h">
      <Filter>src</Filter>
    </ClInclude>
    <ClInclude Include="..\src\shotamatsuda\graphics\conic2.h">
      <Filter>src</Filter>
    </ClInclude>
    <ClInclude Include="..\src\shotamatsuda\graphics\depth.h">
      <Filter>src</Filter>
    </ClInclude>
    <ClInclude Include="..\src\shotamatsuda\graphics\path.h">
      <Filter>src</Filter>
    </ClInclude>
    <ClInclude Include="..\src\shotamatsuda\graphics\path2.h">
      <Filter>src</Filter>
    </ClInclude>
    <ClInclude Include="..\src\shotamatsuda\graphics\path_direction.h">
      <Filter>src</Filter>
    </ClInclude>
    <ClInclude Include="..\src\shotamatsuda\graphics\shape.h">
      <Filter>src</Filter>
    </ClInclude>
    <ClInclude Include="..\src\shotamatsuda\graphics\shape2.h">
      <Filter>src</Filter>
    </ClInclude>
    <ClInclude Include="..\src\shotamatsuda\graphics.h">
      <Filter>src</Filter>
    </ClInclude>
  </ItemGroup>
  <ItemGroup>
    <ClCompile Include="..\src\shotamatsuda\graphics.cc">
      <Filter>src</Filter>
    </ClCompile>
  </ItemGroup>
</Project>